
Microsoft Visual Studio Solution File, Format Version 12.00
# Visual Studio Version 16
VisualStudioVersion = 16.0.31025.194
MinimumVisualStudioVersion = 10.0.40219.1
Project("{9A19103F-16F7-4668-BE54-9A1E7A4F7556}") = "FraggerZGenerator", "FraggerZGenerator\FraggerZGenerator.csproj", "{8438A295-C8EC-4DB3-AF2C-EA700C98D6AE}"
EndProject
Project("{9A19103F-16F7-4668-BE54-9A1E7A4F7556}") = "Core", "Core\Core.csproj", "{AC6FC16B-FB22-4677-90DD-0861A994D33E}"
EndProject
Project("{9A19103F-16F7-4668-BE54-9A1E7A4F7556}") = "Core.Omni", "Core.MVVM\Core.Omni.csproj", "{F6AB0513-37D7-4A28-8F8A-4972DD806B74}"
EndProject
Project("{9A19103F-16F7-4668-BE54-9A1E7A4F7556}") = "DiscordBot", "DiscordBot\DiscordBot.csproj", "{500A71DB-8920-4AF7-AFDF-330EF8B44E5A}"
EndProject
Project("{9A19103F-16F7-4668-BE54-9A1E7A4F7556}") = "DiscordBotTests", "DiscordBotTests\DiscordBotTests.csproj", "{87281E8B-EB59-4EE7-B253-429027026D7E}"
EndProject
Project("{9A19103F-16F7-4668-BE54-9A1E7A4F7556}") = "Omni.Bot", "Omni.Bot\Omni.Bot.csproj", "{A7DDCEAE-9B8A-44E8-814C-08C1F49A995A}"
EndProject
Project("{9A19103F-16F7-4668-BE54-9A1E7A4F7556}") = "OmniAntiCheat", "OmniAntiCheat\OmniAntiCheat.csproj", "{9F376D69-5776-49AF-B8BE-3F02936F6966}"
EndProject
Global
	GlobalSection(SolutionConfigurationPlatforms) = preSolution
		Debug|Any CPU = Debug|Any CPU
		Debug|x64 = Debug|x64
		Debug|x86 = Debug|x86
		Release|Any CPU = Release|Any CPU
		Release|x64 = Release|x64
		Release|x86 = Release|x86
	EndGlobalSection
	GlobalSection(ProjectConfigurationPlatforms) = postSolution
		{8438A295-C8EC-4DB3-AF2C-EA700C98D6AE}.Debug|Any CPU.ActiveCfg = Debug|Any CPU
		{8438A295-C8EC-4DB3-AF2C-EA700C98D6AE}.Debug|Any CPU.Build.0 = Debug|Any CPU
		{8438A295-C8EC-4DB3-AF2C-EA700C98D6AE}.Debug|x64.ActiveCfg = Debug|Any CPU
		{8438A295-C8EC-4DB3-AF2C-EA700C98D6AE}.Debug|x64.Build.0 = Debug|Any CPU
		{8438A295-C8EC-4DB3-AF2C-EA700C98D6AE}.Debug|x86.ActiveCfg = Debug|Any CPU
		{8438A295-C8EC-4DB3-AF2C-EA700C98D6AE}.Debug|x86.Build.0 = Debug|Any CPU
		{8438A295-C8EC-4DB3-AF2C-EA700C98D6AE}.Release|Any CPU.ActiveCfg = Release|Any CPU
		{8438A295-C8EC-4DB3-AF2C-EA700C98D6AE}.Release|Any CPU.Build.0 = Release|Any CPU
		{8438A295-C8EC-4DB3-AF2C-EA700C98D6AE}.Release|x64.ActiveCfg = Release|Any CPU
		{8438A295-C8EC-4DB3-AF2C-EA700C98D6AE}.Release|x64.Build.0 = Release|Any CPU
		{8438A295-C8EC-4DB3-AF2C-EA700C98D6AE}.Release|x86.ActiveCfg = Release|Any CPU
		{8438A295-C8EC-4DB3-AF2C-EA700C98D6AE}.Release|x86.Build.0 = Release|Any CPU
		{AC6FC16B-FB22-4677-90DD-0861A994D33E}.Debug|Any CPU.ActiveCfg = Debug|Any CPU
		{AC6FC16B-FB22-4677-90DD-0861A994D33E}.Debug|Any CPU.Build.0 = Debug|Any CPU
		{AC6FC16B-FB22-4677-90DD-0861A994D33E}.Debug|x64.ActiveCfg = Debug|x64
		{AC6FC16B-FB22-4677-90DD-0861A994D33E}.Debug|x64.Build.0 = Debug|x64
		{AC6FC16B-FB22-4677-90DD-0861A994D33E}.Debug|x86.ActiveCfg = Debug|x86
		{AC6FC16B-FB22-4677-90DD-0861A994D33E}.Debug|x86.Build.0 = Debug|x86
		{AC6FC16B-FB22-4677-90DD-0861A994D33E}.Release|Any CPU.ActiveCfg = Release|Any CPU
		{AC6FC16B-FB22-4677-90DD-0861A994D33E}.Release|Any CPU.Build.0 = Release|Any CPU
		{AC6FC16B-FB22-4677-90DD-0861A994D33E}.Release|x64.ActiveCfg = Release|x64
		{AC6FC16B-FB22-4677-90DD-0861A994D33E}.Release|x64.Build.0 = Release|x64
		{AC6FC16B-FB22-4677-90DD-0861A994D33E}.Release|x86.ActiveCfg = Release|x86
		{AC6FC16B-FB22-4677-90DD-0861A994D33E}.Release|x86.Build.0 = Release|x86
		{F6AB0513-37D7-4A28-8F8A-4972DD806B74}.Debug|Any CPU.ActiveCfg = Debug|Any CPU
		{F6AB0513-37D7-4A28-8F8A-4972DD806B74}.Debug|Any CPU.Build.0 = Debug|Any CPU
		{F6AB0513-37D7-4A28-8F8A-4972DD806B74}.Debug|x64.ActiveCfg = Debug|x64
		{F6AB0513-37D7-4A28-8F8A-4972DD806B74}.Debug|x64.Build.0 = Debug|x64
		{F6AB0513-37D7-4A28-8F8A-4972DD806B74}.Debug|x86.ActiveCfg = Debug|x86
		{F6AB0513-37D7-4A28-8F8A-4972DD806B74}.Debug|x86.Build.0 = Debug|x86
		{F6AB0513-37D7-4A28-8F8A-4972DD806B74}.Release|Any CPU.ActiveCfg = Release|Any CPU
		{F6AB0513-37D7-4A28-8F8A-4972DD806B74}.Release|Any CPU.Build.0 = Release|Any CPU
		{F6AB0513-37D7-4A28-8F8A-4972DD806B74}.Release|x64.ActiveCfg = Release|x64
		{F6AB0513-37D7-4A28-8F8A-4972DD806B74}.Release|x64.Build.0 = Release|x64
		{F6AB0513-37D7-4A28-8F8A-4972DD806B74}.Release|x86.ActiveCfg = Release|x86
		{F6AB0513-37D7-4A28-8F8A-4972DD806B74}.Release|x86.Build.0 = Release|x86
		{500A71DB-8920-4AF7-AFDF-330EF8B44E5A}.Debug|Any CPU.ActiveCfg = Debug|Any CPU
		{500A71DB-8920-4AF7-AFDF-330EF8B44E5A}.Debug|Any CPU.Build.0 = Debug|Any CPU
		{500A71DB-8920-4AF7-AFDF-330EF8B44E5A}.Debug|x64.ActiveCfg = Debug|Any CPU
		{500A71DB-8920-4AF7-AFDF-330EF8B44E5A}.Debug|x64.Build.0 = Debug|Any CPU
		{500A71DB-8920-4AF7-AFDF-330EF8B44E5A}.Debug|x86.ActiveCfg = Debug|Any CPU
		{500A71DB-8920-4AF7-AFDF-330EF8B44E5A}.Debug|x86.Build.0 = Debug|Any CPU
		{500A71DB-8920-4AF7-AFDF-330EF8B44E5A}.Release|Any CPU.ActiveCfg = Release|Any CPU
		{500A71DB-8920-4AF7-AFDF-330EF8B44E5A}.Release|Any CPU.Build.0 = Release|Any CPU
		{500A71DB-8920-4AF7-AFDF-330EF8B44E5A}.Release|x64.ActiveCfg = Release|Any CPU
		{500A71DB-8920-4AF7-AFDF-330EF8B44E5A}.Release|x64.Build.0 = Release|Any CPU
		{500A71DB-8920-4AF7-AFDF-330EF8B44E5A}.Release|x86.ActiveCfg = Release|Any CPU
		{500A71DB-8920-4AF7-AFDF-330EF8B44E5A}.Release|x86.Build.0 = Release|Any CPU
		{87281E8B-EB59-4EE7-B253-429027026D7E}.Debug|Any CPU.ActiveCfg = Debug|Any CPU
		{87281E8B-EB59-4EE7-B253-429027026D7E}.Debug|Any CPU.Build.0 = Debug|Any CPU
		{87281E8B-EB59-4EE7-B253-429027026D7E}.Debug|x64.ActiveCfg = Debug|Any CPU
		{87281E8B-EB59-4EE7-B253-429027026D7E}.Debug|x64.Build.0 = Debug|Any CPU
		{87281E8B-EB59-4EE7-B253-429027026D7E}.Debug|x86.ActiveCfg = Debug|Any CPU
		{87281E8B-EB59-4EE7-B253-429027026D7E}.Debug|x86.Build.0 = Debug|Any CPU
		{87281E8B-EB59-4EE7-B253-429027026D7E}.Release|Any CPU.ActiveCfg = Release|Any CPU
		{87281E8B-EB59-4EE7-B253-429027026D7E}.Release|Any CPU.Build.0 = Release|Any CPU
		{87281E8B-EB59-4EE7-B253-429027026D7E}.Release|x64.ActiveCfg = Release|Any CPU
		{87281E8B-EB59-4EE7-B253-429027026D7E}.Release|x64.Build.0 = Release|Any CPU
		{87281E8B-EB59-4EE7-B253-429027026D7E}.Release|x86.ActiveCfg = Release|Any CPU
		{87281E8B-EB59-4EE7-B253-429027026D7E}.Release|x86.Build.0 = Release|Any CPU
		{A7DDCEAE-9B8A-44E8-814C-08C1F49A995A}.Debug|Any CPU.ActiveCfg = Debug|Any CPU
		{A7DDCEAE-9B8A-44E8-814C-08C1F49A995A}.Debug|Any CPU.Build.0 = Debug|Any CPU
		{A7DDCEAE-9B8A-44E8-814C-08C1F49A995A}.Debug|x64.ActiveCfg = Debug|Any CPU
		{A7DDCEAE-9B8A-44E8-814C-08C1F49A995A}.Debug|x64.Build.0 = Debug|Any CPU
		{A7DDCEAE-9B8A-44E8-814C-08C1F49A995A}.Debug|x86.ActiveCfg = Debug|Any CPU
		{A7DDCEAE-9B8A-44E8-814C-08C1F49A995A}.Debug|x86.Build.0 = Debug|Any CPU
		{A7DDCEAE-9B8A-44E8-814C-08C1F49A995A}.Release|Any CPU.ActiveCfg = Release|Any CPU
		{A7DDCEAE-9B8A-44E8-814C-08C1F49A995A}.Release|Any CPU.Build.0 = Release|Any CPU
		{A7DDCEAE-9B8A-44E8-814C-08C1F49A995A}.Release|x64.ActiveCfg = Release|Any CPU
		{A7DDCEAE-9B8A-44E8-814C-08C1F49A995A}.Release|x64.Build.0 = Release|Any CPU
		{A7DDCEAE-9B8A-44E8-814C-08C1F49A995A}.Release|x86.ActiveCfg = Release|Any CPU
		{A7DDCEAE-9B8A-44E8-814C-08C1F49A995A}.Release|x86.Build.0 = Release|Any CPU
		{9F376D69-5776-49AF-B8BE-3F02936F6966}.Debug|Any CPU.ActiveCfg = Debug|Any CPU
		{9F376D69-5776-49AF-B8BE-3F02936F6966}.Debug|Any CPU.Build.0 = Debug|Any CPU
		{9F376D69-5776-49AF-B8BE-3F02936F6966}.Debug|x64.ActiveCfg = Debug|x64
		{9F376D69-5776-49AF-B8BE-3F02936F6966}.Debug|x64.Build.0 = Debug|x64
		{9F376D69-5776-49AF-B8BE-3F02936F6966}.Debug|x86.ActiveCfg = Debug|x86
		{9F376D69-5776-49AF-B8BE-3F02936F6966}.Debug|x86.Build.0 = Debug|x86
		{9F376D69-5776-49AF-B8BE-3F02936F6966}.Release|Any CPU.ActiveCfg = Release|Any CPU
		{9F376D69-5776-49AF-B8BE-3F02936F6966}.Release|Any CPU.Build.0 = Release|Any CPU
		{9F376D69-5776-49AF-B8BE-3F02936F6966}.Release|x64.ActiveCfg = Release|x64
		{9F376D69-5776-49AF-B8BE-3F02936F6966}.Release|x64.Build.0 = Release|x64
		{9F376D69-5776-49AF-B8BE-3F02936F6966}.Release|x86.ActiveCfg = Release|x86
		{9F376D69-5776-49AF-B8BE-3F02936F6966}.Release|x86.Build.0 = Release|x86
	EndGlobalSection
	GlobalSection(SolutionProperties) = preSolution
		HideSolutionNode = FALSE
	EndGlobalSection
	GlobalSection(ExtensibilityGlobals) = postSolution
		SolutionGuid = {67879D04-87D0-44E8-AB9C-EEEC367BB81A}
	EndGlobalSection
EndGlobal
