
Microsoft Visual Studio Solution File, Format Version 12.00
# Visual Studio Version 16
VisualStudioVersion = 16.0.30717.126
MinimumVisualStudioVersion = 10.0.40219.1
Project("{FAE04EC0-301F-11D3-BF4B-00C04F79EFBC}") = "DiscordBot", "DiscordBot\DiscordBot.csproj", "{041AF5C2-2617-45EB-AB05-D644DF84A8AA}"
EndProject
Global
	GlobalSection(SolutionConfigurationPlatforms) = preSolution
		Debug|Any CPU = Debug|Any CPU
		Release|Any CPU = Release|Any CPU
	EndGlobalSection
	GlobalSection(ProjectConfigurationPlatforms) = postSolution
		{041AF5C2-2617-45EB-AB05-D644DF84A8AA}.Debug|Any CPU.ActiveCfg = Debug|Any CPU
		{041AF5C2-2617-45EB-AB05-D644DF84A8AA}.Debug|Any CPU.Build.0 = Debug|Any CPU
		{041AF5C2-2617-45EB-AB05-D644DF84A8AA}.Release|Any CPU.ActiveCfg = Release|Any CPU
		{041AF5C2-2617-45EB-AB05-D644DF84A8AA}.Release|Any CPU.Build.0 = Release|Any CPU
	EndGlobalSection
	GlobalSection(SolutionProperties) = preSolution
		HideSolutionNode = FALSE
	EndGlobalSection
	GlobalSection(ExtensibilityGlobals) = postSolution
		SolutionGuid = {BF0FDB90-3183-4B62-AEB5-B8CB4EB0FD35}
	EndGlobalSection
EndGlobal
