
Microsoft Visual Studio Solution File, Format Version 12.00
# Visual Studio Version 16
VisualStudioVersion = 16.0.30011.22
MinimumVisualStudioVersion = 10.0.40219.1
Project("{9A19103F-16F7-4668-BE54-9A1E7A4F7556}") = "OmniAntiCheat", "OmniAntiCheat\OmniAntiCheat.csproj", "{B1336CBE-7E2A-4C94-BEB3-30774F784234}"
EndProject
Project("{9A19103F-16F7-4668-BE54-9A1E7A4F7556}") = "Core", "Core\Core.csproj", "{32425487-806C-4112-919D-9796CDF6C0E2}"
EndProject
Project("{9A19103F-16F7-4668-BE54-9A1E7A4F7556}") = "Core.Omni", "Core.MVVM\Core.Omni.csproj", "{F7082C26-4FE3-426E-B451-F34B43FF7F95}"
EndProject
Project("{9A19103F-16F7-4668-BE54-9A1E7A4F7556}") = "Omni.Bot", "Omni.Bot\Omni.Bot.csproj", "{02FB7012-4F4A-4F27-B781-07DF4527A3F5}"
EndProject
Global
	GlobalSection(SolutionConfigurationPlatforms) = preSolution
		Debug|Any CPU = Debug|Any CPU
		Debug|x64 = Debug|x64
		Debug|x86 = Debug|x86
		Release|Any CPU = Release|Any CPU
		Release|x64 = Release|x64
		Release|x86 = Release|x86
	EndGlobalSection
	GlobalSection(ProjectConfigurationPlatforms) = postSolution
		{B1336CBE-7E2A-4C94-BEB3-30774F784234}.Debug|Any CPU.ActiveCfg = Debug|Any CPU
		{B1336CBE-7E2A-4C94-BEB3-30774F784234}.Debug|Any CPU.Build.0 = Debug|Any CPU
		{B1336CBE-7E2A-4C94-BEB3-30774F784234}.Debug|x64.ActiveCfg = Debug|x64
		{B1336CBE-7E2A-4C94-BEB3-30774F784234}.Debug|x64.Build.0 = Debug|x64
		{B1336CBE-7E2A-4C94-BEB3-30774F784234}.Debug|x86.ActiveCfg = Debug|x86
		{B1336CBE-7E2A-4C94-BEB3-30774F784234}.Debug|x86.Build.0 = Debug|x86
		{B1336CBE-7E2A-4C94-BEB3-30774F784234}.Release|Any CPU.ActiveCfg = Release|Any CPU
		{B1336CBE-7E2A-4C94-BEB3-30774F784234}.Release|Any CPU.Build.0 = Release|Any CPU
		{B1336CBE-7E2A-4C94-BEB3-30774F784234}.Release|x64.ActiveCfg = Release|x64
		{B1336CBE-7E2A-4C94-BEB3-30774F784234}.Release|x64.Build.0 = Release|x64
		{B1336CBE-7E2A-4C94-BEB3-30774F784234}.Release|x86.ActiveCfg = Release|x86
		{B1336CBE-7E2A-4C94-BEB3-30774F784234}.Release|x86.Build.0 = Release|x86
		{32425487-806C-4112-919D-9796CDF6C0E2}.Debug|Any CPU.ActiveCfg = Debug|Any CPU
		{32425487-806C-4112-919D-9796CDF6C0E2}.Debug|Any CPU.Build.0 = Debug|Any CPU
		{32425487-806C-4112-919D-9796CDF6C0E2}.Debug|x64.ActiveCfg = Debug|x64
		{32425487-806C-4112-919D-9796CDF6C0E2}.Debug|x64.Build.0 = Debug|x64
		{32425487-806C-4112-919D-9796CDF6C0E2}.Debug|x86.ActiveCfg = Debug|x86
		{32425487-806C-4112-919D-9796CDF6C0E2}.Debug|x86.Build.0 = Debug|x86
		{32425487-806C-4112-919D-9796CDF6C0E2}.Release|Any CPU.ActiveCfg = Release|Any CPU
		{32425487-806C-4112-919D-9796CDF6C0E2}.Release|Any CPU.Build.0 = Release|Any CPU
		{32425487-806C-4112-919D-9796CDF6C0E2}.Release|x64.ActiveCfg = Release|x64
		{32425487-806C-4112-919D-9796CDF6C0E2}.Release|x64.Build.0 = Release|x64
		{32425487-806C-4112-919D-9796CDF6C0E2}.Release|x86.ActiveCfg = Release|x86
		{32425487-806C-4112-919D-9796CDF6C0E2}.Release|x86.Build.0 = Release|x86
		{F7082C26-4FE3-426E-B451-F34B43FF7F95}.Debug|Any CPU.ActiveCfg = Debug|Any CPU
		{F7082C26-4FE3-426E-B451-F34B43FF7F95}.Debug|Any CPU.Build.0 = Debug|Any CPU
		{F7082C26-4FE3-426E-B451-F34B43FF7F95}.Debug|x64.ActiveCfg = Debug|x86
		{F7082C26-4FE3-426E-B451-F34B43FF7F95}.Debug|x64.Build.0 = Debug|x86
		{F7082C26-4FE3-426E-B451-F34B43FF7F95}.Debug|x86.ActiveCfg = Debug|x86
		{F7082C26-4FE3-426E-B451-F34B43FF7F95}.Debug|x86.Build.0 = Debug|x86
		{F7082C26-4FE3-426E-B451-F34B43FF7F95}.Release|Any CPU.ActiveCfg = Release|Any CPU
		{F7082C26-4FE3-426E-B451-F34B43FF7F95}.Release|Any CPU.Build.0 = Release|Any CPU
		{F7082C26-4FE3-426E-B451-F34B43FF7F95}.Release|x64.ActiveCfg = Release|x64
		{F7082C26-4FE3-426E-B451-F34B43FF7F95}.Release|x64.Build.0 = Release|x64
		{F7082C26-4FE3-426E-B451-F34B43FF7F95}.Release|x86.ActiveCfg = Release|x86
		{F7082C26-4FE3-426E-B451-F34B43FF7F95}.Release|x86.Build.0 = Release|x86
		{02FB7012-4F4A-4F27-B781-07DF4527A3F5}.Debug|Any CPU.ActiveCfg = Debug|Any CPU
		{02FB7012-4F4A-4F27-B781-07DF4527A3F5}.Debug|Any CPU.Build.0 = Debug|Any CPU
		{02FB7012-4F4A-4F27-B781-07DF4527A3F5}.Debug|x64.ActiveCfg = Debug|Any CPU
		{02FB7012-4F4A-4F27-B781-07DF4527A3F5}.Debug|x64.Build.0 = Debug|Any CPU
		{02FB7012-4F4A-4F27-B781-07DF4527A3F5}.Debug|x86.ActiveCfg = Debug|Any CPU
		{02FB7012-4F4A-4F27-B781-07DF4527A3F5}.Debug|x86.Build.0 = Debug|Any CPU
		{02FB7012-4F4A-4F27-B781-07DF4527A3F5}.Release|Any CPU.ActiveCfg = Release|Any CPU
		{02FB7012-4F4A-4F27-B781-07DF4527A3F5}.Release|Any CPU.Build.0 = Release|Any CPU
		{02FB7012-4F4A-4F27-B781-07DF4527A3F5}.Release|x64.ActiveCfg = Release|Any CPU
		{02FB7012-4F4A-4F27-B781-07DF4527A3F5}.Release|x64.Build.0 = Release|Any CPU
		{02FB7012-4F4A-4F27-B781-07DF4527A3F5}.Release|x86.ActiveCfg = Release|Any CPU
		{02FB7012-4F4A-4F27-B781-07DF4527A3F5}.Release|x86.Build.0 = Release|Any CPU
	EndGlobalSection
	GlobalSection(SolutionProperties) = preSolution
		HideSolutionNode = FALSE
	EndGlobalSection
	GlobalSection(ExtensibilityGlobals) = postSolution
		SolutionGuid = {A1D6E992-D042-4DA2-9771-897E722AF41B}
	EndGlobalSection
EndGlobal
